PODS:
  - Kingfisher (7.12.0)
  - SwiftLint (0.59.1)

DEPENDENCIES:
  - Kingfisher (~> 7.0)
  - SwiftLint

SPEC REPOS:
  https://github.com/CocoaPods/Specs.git:
    - Kingfisher
    - SwiftLint

SPEC CHECKSUMS:
  Kingfisher: 53a10ea35051a436b5fb626ca2dd8f3144d755e9
  SwiftLint: 3d48e2fb2a3468fdaccf049e5e755df22fb40c2c

PODFILE CHECKSUM: 24f529648c6e55bd9391211b1d29e48a96993456

COCOAPODS: 1.16.2
